
Microsoft Visual Studio Solution File, Format Version 12.00
# Visual Studio Version 16
VisualStudioVersion = 16.0.31229.75
MinimumVisualStudioVersion = 10.0.40219.1
Project("{FAE04EC0-301F-11D3-BF4B-00C04F79EFBC}") = "LogADoc", "LogADoc.csproj", "{BA5C491D-5055-4A34-983C-E0262A7DEFFE}"
EndProject
Global
	GlobalSection(SolutionConfigurationPlatforms) = preSolution
		Debug|Any CPU = Debug|Any CPU
		Release|Any CPU = Release|Any CPU
	EndGlobalSection
	GlobalSection(ProjectConfigurationPlatforms) = postSolution
		{BA5C491D-5055-4A34-983C-E0262A7DEFFE}.Debug|Any CPU.ActiveCfg = Debug|Any CPU
		{BA5C491D-5055-4A34-983C-E0262A7DEFFE}.Debug|Any CPU.Build.0 = Debug|Any CPU
		{BA5C491D-5055-4A34-983C-E0262A7DEFFE}.Release|Any CPU.ActiveCfg = Release|Any CPU
		{BA5C491D-5055-4A34-983C-E0262A7DEFFE}.Release|Any CPU.Build.0 = Release|Any CPU
	EndGlobalSection
	GlobalSection(SolutionProperties) = preSolution
		HideSolutionNode = FALSE
	EndGlobalSection
	GlobalSection(ExtensibilityGlobals) = postSolution
		SolutionGuid = {B1C0DB43-445D-47B3-BD28-22BC2F6158B8}
	EndGlobalSection
EndGlobal
